# This file was autogenerated by Stack.
# You should not edit this file by hand.
# For more information, please see the documentation at:
#   https://docs.haskellstack.org/en/stable/lock_files

packages:
- completed:
    commit: 2813cf4581792a93bdd3211b935a0e8bbe60a107
    git: https://github.com/dmjio/miso
    name: miso
    pantry-tree:
      sha256: 81203ccd9099d5098136ee2ab6c5ccff6e3f500837e845b5cdbedd4d30697324
      size: 10090
    version: 1.9.0.0
  original:
    commit: 2813cf4581792a93bdd3211b935a0e8bbe60a107
    git: https://github.com/dmjio/miso
- completed:
    hackage: jsaddle-warp-0.9.9.2@sha256:85c592bd70640766e9b5fa33bc07d04c8cc312f678d0e2bb2e7333d5f88282b7,3374
    pantry-tree:
      sha256: eab9611a25f6b729d23060984570ff0d50b628baf617255b65d335affa63f91c
      size: 784
  original:
    hackage: jsaddle-warp-0.9.9.2
snapshots:
- completed:
    sha256: fd6c016bb6b7f772ff9b715d7421ec000e0c5a4f31f38726453d600d4444c335
    size: 714038
    url: https://raw.githubusercontent.com/commercialhaskell/stackage-snapshots/master/nightly/2025/5/20.yaml
  original: nightly-2025-05-20
